
Microsoft Visual Studio Solution File, Format Version 11.00
# Visual C# Express 2010
Project("{FAE04EC0-301F-11D3-BF4B-00C04F79EFBC}") = "DarkChat", "DarkChat\DarkChat.csproj", "{B896F67B-933D-497A-B6B0-C6C3EF7D2993}"
EndProject
Global
	GlobalSection(SolutionConfigurationPlatforms) = preSolution
		Debug|Any CPU = Debug|Any CPU
		Release|Any CPU = Release|Any CPU
	EndGlobalSection
	GlobalSection(ProjectConfigurationPlatforms) = postSolution
		{B896F67B-933D-497A-B6B0-C6C3EF7D2993}.Debug|Any CPU.ActiveCfg = Debug|Any CPU
		{B896F67B-933D-497A-B6B0-C6C3EF7D2993}.Debug|Any CPU.Build.0 = Debug|Any CPU
		{B896F67B-933D-497A-B6B0-C6C3EF7D2993}.Release|Any CPU.ActiveCfg = Release|Any CPU
		{B896F67B-933D-497A-B6B0-C6C3EF7D2993}.Release|Any CPU.Build.0 = Release|Any CPU
	EndGlobalSection
	GlobalSection(SolutionProperties) = preSolution
		HideSolutionNode = FALSE
	EndGlobalSection
EndGlobal
